
Microsoft Visual Studio Solution File, Format Version 12.00
# Visual Studio Version 17
VisualStudioVersion = 17.5.002.0
MinimumVisualStudioVersion = 10.0.40219.1
Project("{9A19103F-16F7-4668-BE54-9A1E7A4F7556}") = "cbuild", "cbuild\cbuild.csproj", "{96773148-C4E0-4126-B739-A11F6E8716B1}"
EndProject
Project("{9A19103F-16F7-4668-BE54-9A1E7A4F7556}") = "dboot", "dboot\dboot.csproj", "{DD3DA906-0D2D-498F-BF87-4B7F20EE37BC}"
EndProject
Project("{D954291E-2A0B-460D-934E-DC6B0785DB48}") = "shared", "shared\shared.shproj", "{408EEF6E-9266-4C36-BCE0-EB7744E9649B}"
EndProject
Global
	GlobalSection(SolutionConfigurationPlatforms) = preSolution
		Debug|Any CPU = Debug|Any CPU
		Release|Any CPU = Release|Any CPU
	EndGlobalSection
	GlobalSection(ProjectConfigurationPlatforms) = postSolution
		{96773148-C4E0-4126-B739-A11F6E8716B1}.Debug|Any CPU.ActiveCfg = Debug|Any CPU
		{96773148-C4E0-4126-B739-A11F6E8716B1}.Debug|Any CPU.Build.0 = Debug|Any CPU
		{96773148-C4E0-4126-B739-A11F6E8716B1}.Release|Any CPU.ActiveCfg = Release|Any CPU
		{96773148-C4E0-4126-B739-A11F6E8716B1}.Release|Any CPU.Build.0 = Release|Any CPU
		{DD3DA906-0D2D-498F-BF87-4B7F20EE37BC}.Debug|Any CPU.ActiveCfg = Debug|Any CPU
		{DD3DA906-0D2D-498F-BF87-4B7F20EE37BC}.Debug|Any CPU.Build.0 = Debug|Any CPU
		{DD3DA906-0D2D-498F-BF87-4B7F20EE37BC}.Release|Any CPU.ActiveCfg = Release|Any CPU
		{DD3DA906-0D2D-498F-BF87-4B7F20EE37BC}.Release|Any CPU.Build.0 = Release|Any CPU
	EndGlobalSection
	GlobalSection(SolutionProperties) = preSolution
		HideSolutionNode = FALSE
	EndGlobalSection
	GlobalSection(ExtensibilityGlobals) = postSolution
		SolutionGuid = {DE5D93F9-93B4-4AC9-B2E4-8BA550965A9E}
	EndGlobalSection
	GlobalSection(SharedMSBuildProjectFiles) = preSolution
		shared\shared.projitems*{408eef6e-9266-4c36-bce0-eb7744e9649b}*SharedItemsImports = 13
		shared\shared.projitems*{96773148-c4e0-4126-b739-a11f6e8716b1}*SharedItemsImports = 5
		shared\shared.projitems*{dd3da906-0d2d-498f-bf87-4b7f20ee37bc}*SharedItemsImports = 5
	EndGlobalSection
EndGlobal
